# This file is automatically generated.
# It is not intended for manual editing.
version = 1

[[packages]]
name = "betty-blocks-types:types"
registry = "bettyblocksdev.azurecr.io"

[[packages.versions]]
requirement = "=2.3.0"
version = "2.3.0"
digest = "sha256:393f354b81eb6b266dd23f1e888fe932435ea9ce2939bad8c78937782e82de85"

[[packages]]
name = "wasi:config"
registry = "wasi.dev"

[[packages.versions]]
requirement = "=0.2.0-rc.1"
version = "0.2.0-rc.1"
digest = "sha256:1b7f1b0fd07bb4cede16c6a6ec8852815dfb924639a78735fc7bdffdc164485d"
