# This file is automatically generated.
# It is not intended for manual editing.
version = 1

[[packages]]
name = "betty-blocks-types:types"
registry = "bettyblocksdev.azurecr.io"

[[packages.versions]]
requirement = "=3.1.0"
version = "3.1.0"
digest = "sha256:7e6ccf749695a8516c5f6ed06630c3deb87c4b5c5d794f4ea32da09391865800"
