# This file is automatically generated.
# It is not intended for manual editing.
version = 1

[[packages]]
name = "betty-blocks-types:crud"
registry = "bettyblocksdev.azurecr.io"

[[packages.versions]]
requirement = "=3.0.0"
version = "3.0.0"
digest = "sha256:9713b0d7b47bf6b4f342602d12190dbecb3c073cfa6812818259328eb8a7623d"

[[packages]]
name = "betty-blocks-types:data-api"
registry = "bettyblocksdev.azurecr.io"

[[packages.versions]]
requirement = "=3.0.0"
version = "3.0.0"
digest = "sha256:e6d7f8ce58401277eee4ac110956d42d9a4da34c6ed6cdbe1fa9dc8f3bd6c1dd"

[[packages]]
name = "betty-blocks-types:types"
registry = "bettyblocksdev.azurecr.io"

[[packages.versions]]
requirement = "=3.0.0"
version = "3.0.0"
digest = "sha256:0a45f282ea939522642d1149ade9bfb59ac5cc0faf5ae80dfd03f7509302e917"
