# This file is automatically generated.
# It is not intended for manual editing.
version = 1

[[packages]]
name = "betty-blocks-types:crud"
registry = "bettyblocksdev.azurecr.io"

[[packages.versions]]
requirement = "=3.0.0"
version = "3.0.0"
digest = "sha256:089e43cca32b010f5f0e1fa9cb399abb8a774b91f382348eeb004ae3d6cbbc97"

[[packages]]
name = "betty-blocks-types:data-api"
registry = "bettyblocksdev.azurecr.io"

[[packages.versions]]
requirement = "=3.0.0"
version = "3.0.0"
digest = "sha256:61f38311044e9d5e0912baa9fffbe3f74d2f9c7000fb4f986cde62bf0ab4c8b0"

[[packages]]
name = "betty-blocks-types:types"
registry = "bettyblocksdev.azurecr.io"

[[packages.versions]]
requirement = "=3.0.0"
version = "3.0.0"
digest = "sha256:71075a02b5784186434bcec2220867cef1d46c4fde6e92032a4b04b7a452d456"
