# This file is automatically generated.
# It is not intended for manual editing.
version = 1

[[packages]]
name = "betty-blocks-types:types"
registry = "bettyblocksdev.azurecr.io"

[[packages.versions]]
requirement = "=2.0.0"
version = "2.0.0"
digest = "sha256:da76b910b268860bd93f57a5c1c5b5be9b509a7c7e34adf8853ae32818f86268"
