# This file is automatically generated.
# It is not intended for manual editing.
version = 1

[[packages]]
name = "betty-blocks-types:types"
registry = "bettyblocksdev.azurecr.io"

[[packages.versions]]
requirement = "=2.0.0"
version = "2.0.0"
digest = "sha256:0deb3c29a7d1eab2e15ed10d849055ebddf7ab638d3bd61fce9f2901d1a999d5"
