# This file is automatically generated.
# It is not intended for manual editing.
version = 1

[[packages]]
name = "betty-blocks-types:data-api"
registry = "bettyblocksdev.azurecr.io"

[[packages.versions]]
requirement = "=2.0.0"
version = "2.0.0"
digest = "sha256:37b3b5df2d000fffb86b2270812f284b3e9d87aca125e8f1037c7ead2637e835"

[[packages]]
name = "betty-blocks-types:types"
registry = "bettyblocksdev.azurecr.io"

[[packages.versions]]
requirement = "=2.0.0"
version = "2.0.0"
digest = "sha256:da76b910b268860bd93f57a5c1c5b5be9b509a7c7e34adf8853ae32818f86268"

[[packages]]
name = "betty-blocks-types:upload-file"
registry = "bettyblocksdev.azurecr.io"

[[packages.versions]]
requirement = "=2.0.0"
version = "2.0.0"
digest = "sha256:62c5c540d4b1b6fffb073cbdab477f52cd7f530ae9854dd1aae1dd8f05510129"

[[packages]]
name = "wasi:http"
registry = "wasi.dev"

[[packages.versions]]
requirement = "=0.2.0"
version = "0.2.0"
digest = "sha256:5a568e6e2d60c1ce51220e1833cdd5b88db9f615720edc762a9b4a6f36b383bd"

[[packages]]
name = "wasi:random"
registry = "wasi.dev"

[[packages.versions]]
requirement = "=0.2.0"
version = "0.2.0"
digest = "sha256:5d535edc544d06719cf337861b7917c3d565360295e5dc424046dceddb0a0e42"
