# This file is automatically generated.
# It is not intended for manual editing.
version = 1

[[packages]]
name = "betty-blocks-types:types"
registry = "bettyblocksdev.azurecr.io"

[[packages.versions]]
requirement = "=3.1.0"
version = "3.1.0"
digest = "sha256:173ee4d29de880e9fa73efee0b29e6a97f9f049e659db2df974b654398e6242f"
