# This file is automatically generated.
# It is not intended for manual editing.
version = 1

[[packages]]
name = "betty-blocks-types:types"
registry = "bettyblocksdev.azurecr.io"

[[packages.versions]]
requirement = "=3.1.0"
version = "3.1.0"
digest = "sha256:df0c156da9d6a38c16a34c3e376b09e263ccea3daf6ddc72cbf3fe36ad8a4f92"
