# This file is automatically generated.
# It is not intended for manual editing.
version = 1

[[packages]]
name = "betty-blocks-types:types"
registry = "bettyblocksdev.azurecr.io"

[[packages.versions]]
requirement = "=3.0.0"
version = "3.0.0"
digest = "sha256:71075a02b5784186434bcec2220867cef1d46c4fde6e92032a4b04b7a452d456"
